
Microsoft Visual Studio Solution File, Format Version 12.00
# Visual Studio Version 17
VisualStudioVersion = 17.14.36310.24 d17.14
MinimumVisualStudioVersion = 10.0.40219.1
Project("{FAE04EC0-301F-11D3-BF4B-00C04F79EFBC}") = "Calculator form scratch v1", "Calculator form scratch v1\Calculator form scratch v1.csproj", "{8BB3652D-769B-4036-8289-95A161921BDD}"
EndProject
Global
	GlobalSection(SolutionConfigurationPlatforms) = preSolution
		Debug|Any CPU = Debug|Any CPU
		Release|Any CPU = Release|Any CPU
	EndGlobalSection
	GlobalSection(ProjectConfigurationPlatforms) = postSolution
		{8BB3652D-769B-4036-8289-95A161921BDD}.Debug|Any CPU.ActiveCfg = Debug|Any CPU
		{8BB3652D-769B-4036-8289-95A161921BDD}.Debug|Any CPU.Build.0 = Debug|Any CPU
		{8BB3652D-769B-4036-8289-95A161921BDD}.Release|Any CPU.ActiveCfg = Release|Any CPU
		{8BB3652D-769B-4036-8289-95A161921BDD}.Release|Any CPU.Build.0 = Release|Any CPU
	EndGlobalSection
	GlobalSection(SolutionProperties) = preSolution
		HideSolutionNode = FALSE
	EndGlobalSection
	GlobalSection(ExtensibilityGlobals) = postSolution
		SolutionGuid = {87D1AC83-5311-4ACC-A9A5-0EBB579AA258}
	EndGlobalSection
EndGlobal
